
Microsoft Visual Studio Solution File, Format Version 12.00
# Visual Studio Version 17
VisualStudioVersion = 17.4.33205.214
MinimumVisualStudioVersion = 10.0.40219.1
Project("{FAE04EC0-301F-11D3-BF4B-00C04F79EFBC}") = "gitapp", "gitapp\gitapp.csproj", "{799D8A59-3EA4-4C9F-991E-848C1AA8DC63}"
EndProject
Global
	GlobalSection(SolutionConfigurationPlatforms) = preSolution
		Debug|Any CPU = Debug|Any CPU
		Release|Any CPU = Release|Any CPU
	EndGlobalSection
	GlobalSection(ProjectConfigurationPlatforms) = postSolution
		{799D8A59-3EA4-4C9F-991E-848C1AA8DC63}.Debug|Any CPU.ActiveCfg = Debug|Any CPU
		{799D8A59-3EA4-4C9F-991E-848C1AA8DC63}.Debug|Any CPU.Build.0 = Debug|Any CPU
		{799D8A59-3EA4-4C9F-991E-848C1AA8DC63}.Release|Any CPU.ActiveCfg = Release|Any CPU
		{799D8A59-3EA4-4C9F-991E-848C1AA8DC63}.Release|Any CPU.Build.0 = Release|Any CPU
	EndGlobalSection
	GlobalSection(SolutionProperties) = preSolution
		HideSolutionNode = FALSE
	EndGlobalSection
	GlobalSection(ExtensibilityGlobals) = postSolution
		SolutionGuid = {67930BD6-F7CF-4B3D-9126-7C5373090558}
	EndGlobalSection
EndGlobal
